// !$*UTF8*$!
{
	archiveVersion = 1;
	classes = {
	};
	objectVersion = 46;
	objects = {

/* Begin PBXBuildFile section */
		950F27911EB004A900E93B0B /* AppDelegate.swift in Sources */ = {isa = PBXBuildFile; fileRef = 950F27901EB004A900E93B0B /* AppDelegate.swift */; };
		950F279B1EB004A900E93B0B /* Assets.xcassets in Resources */ = {isa = PBXBuildFile; fileRef = 950F279A1EB004A900E93B0B /* Assets.xcassets */; };
		956AED061EB004FF00D1C8B5 /* ViewController.swift in Sources */ = {isa = PBXBuildFile; fileRef = 956AED021EB004FF00D1C8B5 /* ViewController.swift */; };
		956AED071EB004FF00D1C8B5 /* LaunchScreen.storyboard in Resources */ = {isa = PBXBuildFile; fileRef = 956AED041EB004FF00D1C8B5 /* LaunchScreen.storyboard */; };
		956AED081EB004FF00D1C8B5 /* Main.storyboard in Resources */ = {isa = PBXBuildFile; fileRef = 956AED051EB004FF00D1C8B5 /* Main.storyboard */; };
		956AED0B1EB0050B00D1C8B5 /* ReflectionsProjections.xcdatamodeld in Sources */ = {isa = PBXBuildFile; fileRef = 956AED091EB0050B00D1C8B5 /* ReflectionsProjections.xcdatamodeld */; };
		DBC1173799E626A9F44F9B39 /* Pods_ReflectionsProjections.framework in Frameworks */ = {isa = PBXBuildFile; fileRef = E99AB9ABA511D8620096036B /* Pods_ReflectionsProjections.framework */; };
/* End PBXBuildFile section */

/* Begin PBXFileReference section */
		38003CB573F811E00197EEC4 /* Pods-ReflectionsProjections.release.xcconfig */ = {isa = PBXFileReference; includeInIndex = 1; lastKnownFileType = text.xcconfig; name = "Pods-ReflectionsProjections.release.xcconfig"; path = "Pods/Target Support Files/Pods-ReflectionsProjections/Pods-ReflectionsProjections.release.xcconfig"; sourceTree = "<group>"; };
		54435F8465C41CDED9EF1C04 /* Pods-ReflectionsProjections.debug.xcconfig */ = {isa = PBXFileReference; includeInIndex = 1; lastKnownFileType = text.xcconfig; name = "Pods-ReflectionsProjections.debug.xcconfig"; path = "Pods/Target Support Files/Pods-ReflectionsProjections/Pods-ReflectionsProjections.debug.xcconfig"; sourceTree = "<group>"; };
		950F278D1EB004A900E93B0B /* ReflectionsProjections.app */ = {isa = PBXFileReference; explicitFileType = wrapper.application; includeInIndex = 0; path = ReflectionsProjections.app; sourceTree = BUILT_PRODUCTS_DIR; };
		950F27901EB004A900E93B0B /* AppDelegate.swift */ = {isa = PBXFileReference; lastKnownFileType = sourcecode.swift; path = AppDelegate.swift; sourceTree = "<group>"; };
		950F279A1EB004A900E93B0B /* Assets.xcassets */ = {isa = PBXFileReference; lastKnownFileType = folder.assetcatalog; path = Assets.xcassets; sourceTree = "<group>"; };
		950F279F1EB004A900E93B0B /* Info.plist */ = {isa = PBXFileReference; lastKnownFileType = text.plist.xml; path = Info.plist; sourceTree = "<group>"; };
		956AED021EB004FF00D1C8B5 /* ViewController.swift */ = {isa = PBXFileReference; fileEncoding = 4; lastKnownFileType = sourcecode.swift; path = ViewController.swift; sourceTree = "<group>"; };
		956AED041EB004FF00D1C8B5 /* LaunchScreen.storyboard */ = {isa = PBXFileReference; fileEncoding = 4; lastKnownFileType = file.storyboard; path = LaunchScreen.storyboard; sourceTree = "<group>"; };
		956AED051EB004FF00D1C8B5 /* Main.storyboard */ = {isa = PBXFileReference; fileEncoding = 4; lastKnownFileType = file.storyboard; path = Main.storyboard; sourceTree = "<group>"; };
		956AED0A1EB0050B00D1C8B5 /* ReflectionsProjections.xcdatamodel */ = {isa = PBXFileReference; lastKnownFileType = wrapper.xcdatamodel; path = ReflectionsProjections.xcdatamodel; sourceTree = "<group>"; };
		E99AB9ABA511D8620096036B /* Pods_ReflectionsProjections.framework */ = {isa = PBXFileReference; explicitFileType = wrapper.framework; includeInIndex = 0; path = Pods_ReflectionsProjections.framework; sourceTree = BUILT_PRODUCTS_DIR; };
/* End PBXFileReference section */

/* Begin PBXFrameworksBuildPhase section */
		950F278A1EB004A900E93B0B /* Frameworks */ = {
			isa = PBXFrameworksBuildPhase;
			buildActionMask = 2147483647;
			files = (
				DBC1173799E626A9F44F9B39 /* Pods_ReflectionsProjections.framework in Frameworks */,
			);
			runOnlyForDeploymentPostprocessing = 0;
		};
/* End PBXFrameworksBuildPhase section */

/* Begin PBXGroup section */
		592E5CE549A4C5142AE3AEC3 /* Pods */ = {
			isa = PBXGroup;
			children = (
				54435F8465C41CDED9EF1C04 /* Pods-ReflectionsProjections.debug.xcconfig */,
				38003CB573F811E00197EEC4 /* Pods-ReflectionsProjections.release.xcconfig */,
			);
			name = Pods;
			sourceTree = "<group>";
		};
		8B325A0F992BBC9444F5E5D1 /* Frameworks */ = {
			isa = PBXGroup;
			children = (
				E99AB9ABA511D8620096036B /* Pods_ReflectionsProjections.framework */,
			);
			name = Frameworks;
			sourceTree = "<group>";
		};
		950F27841EB004A900E93B0B = {
			isa = PBXGroup;
			children = (
				950F278F1EB004A900E93B0B /* ReflectionsProjections */,
				950F278E1EB004A900E93B0B /* Products */,
				592E5CE549A4C5142AE3AEC3 /* Pods */,
				8B325A0F992BBC9444F5E5D1 /* Frameworks */,
			);
			sourceTree = "<group>";
		};
		950F278E1EB004A900E93B0B /* Products */ = {
			isa = PBXGroup;
			children = (
				950F278D1EB004A900E93B0B /* ReflectionsProjections.app */,
			);
			name = Products;
			sourceTree = "<group>";
		};
		950F278F1EB004A900E93B0B /* ReflectionsProjections */ = {
			isa = PBXGroup;
			children = (
				956AED0C1EB0068F00D1C8B5 /* API */,
				950F27901EB004A900E93B0B /* AppDelegate.swift */,
				950F279A1EB004A900E93B0B /* Assets.xcassets */,
				956AED011EB004FF00D1C8B5 /* Controllers */,
				956AECFC1EB004FF00D1C8B5 /* Extensions */,
				950F279F1EB004A900E93B0B /* Info.plist */,
				956AECFD1EB004FF00D1C8B5 /* Models */,
				956AECFB1EB004FF00D1C8B5 /* Playgrounds */,
				956AED031EB004FF00D1C8B5 /* StoryBoards */,
				956AECFE1EB004FF00D1C8B5 /* UI */,
			);
			path = ReflectionsProjections;
			sourceTree = "<group>";
		};
		956AECFB1EB004FF00D1C8B5 /* Playgrounds */ = {
			isa = PBXGroup;
			children = (
			);
			path = Playgrounds;
			sourceTree = "<group>";
		};
		956AECFC1EB004FF00D1C8B5 /* Extensions */ = {
			isa = PBXGroup;
			children = (
			);
			path = Extensions;
			sourceTree = "<group>";
		};
		956AECFD1EB004FF00D1C8B5 /* Models */ = {
			isa = PBXGroup;
			children = (
				956AED091EB0050B00D1C8B5 /* ReflectionsProjections.xcdatamodeld */,
			);
			path = Models;
			sourceTree = "<group>";
		};
		956AECFE1EB004FF00D1C8B5 /* UI */ = {
			isa = PBXGroup;
			children = (
				956AECFF1EB004FF00D1C8B5 /* Fonts */,
				956AED001EB004FF00D1C8B5 /* Views */,
			);
			path = UI;
			sourceTree = "<group>";
		};
		956AECFF1EB004FF00D1C8B5 /* Fonts */ = {
			isa = PBXGroup;
			children = (
			);
			path = Fonts;
			sourceTree = "<group>";
		};
		956AED001EB004FF00D1C8B5 /* Views */ = {
			isa = PBXGroup;
			children = (
			);
			path = Views;
			sourceTree = "<group>";
		};
		956AED011EB004FF00D1C8B5 /* Controllers */ = {
			isa = PBXGroup;
			children = (
				956AED021EB004FF00D1C8B5 /* ViewController.swift */,
			);
			path = Controllers;
			sourceTree = "<group>";
		};
		956AED031EB004FF00D1C8B5 /* StoryBoards */ = {
			isa = PBXGroup;
			children = (
				956AED041EB004FF00D1C8B5 /* LaunchScreen.storyboard */,
				956AED051EB004FF00D1C8B5 /* Main.storyboard */,
			);
			path = StoryBoards;
			sourceTree = "<group>";
		};
		956AED0C1EB0068F00D1C8B5 /* API */ = {
			isa = PBXGroup;
			children = (
			);
			path = API;
			sourceTree = "<group>";
		};
/* End PBXGroup section */

/* Begin PBXNativeTarget section */
		950F278C1EB004A900E93B0B /* ReflectionsProjections */ = {
			isa = PBXNativeTarget;
			buildConfigurationList = 950F27A21EB004A900E93B0B /* Build configuration list for PBXNativeTarget "ReflectionsProjections" */;
			buildPhases = (
				BE3B92C4557DC490C1409532 /* [CP] Check Pods Manifest.lock */,
				950F27891EB004A900E93B0B /* Sources */,
				950F278A1EB004A900E93B0B /* Frameworks */,
				950F278B1EB004A900E93B0B /* Resources */,
				976A5ABD1B2FEC9C4F85BAD7 /* [CP] Embed Pods Frameworks */,
				F236B38376E20EED422F5D83 /* [CP] Copy Pods Resources */,
			);
			buildRules = (
			);
			dependencies = (
			);
			name = ReflectionsProjections;
			productName = ReflectionsProjections;
			productReference = 950F278D1EB004A900E93B0B /* ReflectionsProjections.app */;
			productType = "com.apple.product-type.application";
		};
/* End PBXNativeTarget section */

/* Begin PBXProject section */
		950F27851EB004A900E93B0B /* Project object */ = {
			isa = PBXProject;
			attributes = {
				LastSwiftUpdateCheck = 0830;
				LastUpgradeCheck = 0830;
				ORGANIZATIONNAME = ReflectionsProjections;
				TargetAttributes = {
					950F278C1EB004A900E93B0B = {
						CreatedOnToolsVersion = 8.3;
						DevelopmentTeam = 8VNQTQM2L6;
						ProvisioningStyle = Automatic;
					};
				};
			};
			buildConfigurationList = 950F27881EB004A900E93B0B /* Build configuration list for PBXProject "ReflectionsProjections" */;
			compatibilityVersion = "Xcode 3.2";
			developmentRegion = English;
			hasScannedForEncodings = 0;
			knownRegions = (
				en,
				Base,
			);
			mainGroup = 950F27841EB004A900E93B0B;
			productRefGroup = 950F278E1EB004A900E93B0B /* Products */;
			projectDirPath = "";
			projectRoot = "";
			targets = (
				950F278C1EB004A900E93B0B /* ReflectionsProjections */,
			);
		};
/* End PBXProject section */

/* Begin PBXResourcesBuildPhase section */
		950F278B1EB004A900E93B0B /* Resources */ = {
			isa = PBXResourcesBuildPhase;
			buildActionMask = 2147483647;
			files = (
				956AED081EB004FF00D1C8B5 /* Main.storyboard in Resources */,
				950F279B1EB004A900E93B0B /* Assets.xcassets in Resources */,
				956AED071EB004FF00D1C8B5 /* LaunchScreen.storyboard in Resources */,
			);
			runOnlyForDeploymentPostprocessing = 0;
		};
/* End PBXResourcesBuildPhase section */

/* Begin PBXShellScriptBuildPhase section */
		976A5ABD1B2FEC9C4F85BAD7 /* [CP] Embed Pods Frameworks */ = {
			isa = PBXShellScriptBuildPhase;
			buildActionMask = 2147483647;
			files = (
			);
			inputPaths = (
			);
			name = "[CP] Embed Pods Frameworks";
			outputPaths = (
			);
			runOnlyForDeploymentPostprocessing = 0;
			shellPath = /bin/sh;
			shellScript = "\"${SRCROOT}/Pods/Target Support Files/Pods-ReflectionsProjections/Pods-ReflectionsProjections-frameworks.sh\"\n";
			showEnvVarsInLog = 0;
		};
		BE3B92C4557DC490C1409532 /* [CP] Check Pods Manifest.lock */ = {
			isa = PBXShellScriptBuildPhase;
			buildActionMask = 2147483647;
			files = (
			);
			inputPaths = (
			);
			name = "[CP] Check Pods Manifest.lock";
			outputPaths = (
			);
			runOnlyForDeploymentPostprocessing = 0;
			shellPath = /bin/sh;
			shellScript = "diff \"${PODS_PODFILE_DIR_PATH}/Podfile.lock\" \"${PODS_ROOT}/Manifest.lock\" > /dev/null\nif [ $? != 0 ] ; then\n    # print error to STDERR\n    echo \"error: The sandbox is not in sync with the Podfile.lock. Run 'pod install' or update your CocoaPods installation.\" >&2\n    exit 1\nfi\n";
			showEnvVarsInLog = 0;
		};
		F236B38376E20EED422F5D83 /* [CP] Copy Pods Resources */ = {
			isa = PBXShellScriptBuildPhase;
			buildActionMask = 2147483647;
			files = (
			);
			inputPaths = (
			);
			name = "[CP] Copy Pods Resources";
			outputPaths = (
			);
			runOnlyForDeploymentPostprocessing = 0;
			shellPath = /bin/sh;
			shellScript = "\"${SRCROOT}/Pods/Target Support Files/Pods-ReflectionsProjections/Pods-ReflectionsProjections-resources.sh\"\n";
			showEnvVarsInLog = 0;
		};
/* End PBXShellScriptBuildPhase section */

/* Begin PBXSourcesBuildPhase section */
		950F27891EB004A900E93B0B /* Sources */ = {
			isa = PBXSourcesBuildPhase;
			buildActionMask = 2147483647;
			files = (
				956AED0B1EB0050B00D1C8B5 /* ReflectionsProjections.xcdatamodeld in Sources */,
				956AED061EB004FF00D1C8B5 /* ViewController.swift in Sources */,
				950F27911EB004A900E93B0B /* AppDelegate.swift in Sources */,
			);
			runOnlyForDeploymentPostprocessing = 0;
		};
/* End PBXSourcesBuildPhase section */

/* Begin XCBuildConfiguration section */
		950F27A01EB004A900E93B0B /* Debug */ = {
			isa = XCBuildConfiguration;
			buildSettings = {
				ALWAYS_SEARCH_USER_PATHS = NO;
				CLANG_ANALYZER_NONNULL = YES;
				CLANG_ANALYZER_NUMBER_OBJECT_CONVERSION = YES_AGGRESSIVE;
				CLANG_CXX_LANGUAGE_STANDARD = "gnu++0x";
				CLANG_CXX_LIBRARY = "libc++";
				CLANG_ENABLE_MODULES = YES;
				CLANG_ENABLE_OBJC_ARC = YES;
				CLANG_WARN_BOOL_CONVERSION = YES;
				CLANG_WARN_CONSTANT_CONVERSION = YES;
				CLANG_WARN_DIRECT_OBJC_ISA_USAGE = YES_ERROR;
				CLANG_WARN_DOCUMENTATION_COMMENTS = YES;
				CLANG_WARN_EMPTY_BODY = YES;
				CLANG_WARN_ENUM_CONVERSION = YES;
				CLANG_WARN_INFINITE_RECURSION = YES;
				CLANG_WARN_INT_CONVERSION = YES;
				CLANG_WARN_OBJC_ROOT_CLASS = YES_ERROR;
				CLANG_WARN_SUSPICIOUS_MOVE = YES;
				CLANG_WARN_UNREACHABLE_CODE = YES;
				CLANG_WARN__DUPLICATE_METHOD_MATCH = YES;
				"CODE_SIGN_IDENTITY[sdk=iphoneos*]" = "iPhone Developer";
				COPY_PHASE_STRIP = NO;
				DEBUG_INFORMATION_FORMAT = dwarf;
				ENABLE_STRICT_OBJC_MSGSEND = YES;
				ENABLE_TESTABILITY = YES;
				GCC_C_LANGUAGE_STANDARD = gnu99;
				GCC_DYNAMIC_NO_PIC = NO;
				GCC_NO_COMMON_BLOCKS = YES;
				GCC_OPTIMIZATION_LEVEL = 0;
				GCC_PREPROCESSOR_DEFINITIONS = (
					"DEBUG=1",
					"$(inherited)",
				);
				GCC_WARN_64_TO_32_BIT_CONVERSION = YES;
				GCC_WARN_ABOUT_RETURN_TYPE = YES_ERROR;
				GCC_WARN_UNDECLARED_SELECTOR = YES;
				GCC_WARN_UNINITIALIZED_AUTOS = YES_AGGRESSIVE;
				GCC_WARN_UNUSED_FUNCTION = YES;
				GCC_WARN_UNUSED_VARIABLE = YES;
				IPHONEOS_DEPLOYMENT_TARGET = 10.3;
				MTL_ENABLE_DEBUG_INFO = YES;
				ONLY_ACTIVE_ARCH = YES;
				SDKROOT = iphoneos;
				SWIFT_ACTIVE_COMPILATION_CONDITIONS = DEBUG;
				SWIFT_OPTIMIZATION_LEVEL = "-Onone";
			};
			name = Debug;
		};
		950F27A11EB004A900E93B0B /* Release */ = {
			isa = XCBuildConfiguration;
			buildSettings = {
				ALWAYS_SEARCH_USER_PATHS = NO;
				CLANG_ANALYZER_NONNULL = YES;
				CLANG_ANALYZER_NUMBER_OBJECT_CONVERSION = YES_AGGRESSIVE;
				CLANG_CXX_LANGUAGE_STANDARD = "gnu++0x";
				CLANG_CXX_LIBRARY = "libc++";
				CLANG_ENABLE_MODULES = YES;
				CLANG_ENABLE_OBJC_ARC = YES;
				CLANG_WARN_BOOL_CONVERSION = YES;
				CLANG_WARN_CONSTANT_CONVERSION = YES;
				CLANG_WARN_DIRECT_OBJC_ISA_USAGE = YES_ERROR;
				CLANG_WARN_DOCUMENTATION_COMMENTS = YES;
				CLANG_WARN_EMPTY_BODY = YES;
				CLANG_WARN_ENUM_CONVERSION = YES;
				CLANG_WARN_INFINITE_RECURSION = YES;
				CLANG_WARN_INT_CONVERSION = YES;
				CLANG_WARN_OBJC_ROOT_CLASS = YES_ERROR;
				CLANG_WARN_SUSPICIOUS_MOVE = YES;
				CLANG_WARN_UNREACHABLE_CODE = YES;
				CLANG_WARN__DUPLICATE_METHOD_MATCH = YES;
				"CODE_SIGN_IDENTITY[sdk=iphoneos*]" = "iPhone Developer";
				COPY_PHASE_STRIP = NO;
				DEBUG_INFORMATION_FORMAT = "dwarf-with-dsym";
				ENABLE_NS_ASSERTIONS = NO;
				ENABLE_STRICT_OBJC_MSGSEND = YES;
				GCC_C_LANGUAGE_STANDARD = gnu99;
				GCC_NO_COMMON_BLOCKS = YES;
				GCC_WARN_64_TO_32_BIT_CONVERSION = YES;
				GCC_WARN_ABOUT_RETURN_TYPE = YES_ERROR;
				GCC_WARN_UNDECLARED_SELECTOR = YES;
				GCC_WARN_UNINITIALIZED_AUTOS = YES_AGGRESSIVE;
				GCC_WARN_UNUSED_FUNCTION = YES;
				GCC_WARN_UNUSED_VARIABLE = YES;
				IPHONEOS_DEPLOYMENT_TARGET = 10.3;
				MTL_ENABLE_DEBUG_INFO = NO;
				SDKROOT = iphoneos;
				SWIFT_OPTIMIZATION_LEVEL = "-Owholemodule";
				VALIDATE_PRODUCT = YES;
			};
			name = Release;
		};
		950F27A31EB004A900E93B0B /* Debug */ = {
			isa = XCBuildConfiguration;
			baseConfigurationReference = 54435F8465C41CDED9EF1C04 /* Pods-ReflectionsProjections.debug.xcconfig */;
			buildSettings = {
				ASSETCATALOG_COMPILER_APPICON_NAME = AppIcon;
				DEVELOPMENT_TEAM = 8VNQTQM2L6;
				INFOPLIST_FILE = ReflectionsProjections/Info.plist;
				LD_RUNPATH_SEARCH_PATHS = "$(inherited) @executable_path/Frameworks";
				PRODUCT_BUNDLE_IDENTIFIER = com.ReflectionsProjections.ReflectionsProjections;
				PRODUCT_NAME = "$(TARGET_NAME)";
				SWIFT_VERSION = 3.0;
			};
			name = Debug;
		};
		950F27A41EB004A900E93B0B /* Release */ = {
			isa = XCBuildConfiguration;
			baseConfigurationReference = 38003CB573F811E00197EEC4 /* Pods-ReflectionsProjections.release.xcconfig */;
			buildSettings = {
				ASSETCATALOG_COMPILER_APPICON_NAME = AppIcon;
				DEVELOPMENT_TEAM = 8VNQTQM2L6;
				INFOPLIST_FILE = ReflectionsProjections/Info.plist;
				LD_RUNPATH_SEARCH_PATHS = "$(inherited) @executable_path/Frameworks";
				PRODUCT_BUNDLE_IDENTIFIER = com.ReflectionsProjections.ReflectionsProjections;
				PRODUCT_NAME = "$(TARGET_NAME)";
				SWIFT_VERSION = 3.0;
			};
			name = Release;
		};
/* End XCBuildConfiguration section */

/* Begin XCConfigurationList section */
		950F27881EB004A900E93B0B /* Build configuration list for PBXProject "ReflectionsProjections" */ = {
			isa = XCConfigurationList;
			buildConfigurations = (
				950F27A01EB004A900E93B0B /* Debug */,
				950F27A11EB004A900E93B0B /* Release */,
			);
			defaultConfigurationIsVisible = 0;
			defaultConfigurationName = Release;
		};
		950F27A21EB004A900E93B0B /* Build configuration list for PBXNativeTarget "ReflectionsProjections" */ = {
			isa = XCConfigurationList;
			buildConfigurations = (
				950F27A31EB004A900E93B0B /* Debug */,
				950F27A41EB004A900E93B0B /* Release */,
			);
			defaultConfigurationIsVisible = 0;
			defaultConfigurationName = Release;
		};
/* End XCConfigurationList section */

/* Begin XCVersionGroup section */
		956AED091EB0050B00D1C8B5 /* ReflectionsProjections.xcdatamodeld */ = {
			isa = XCVersionGroup;
			children = (
				956AED0A1EB0050B00D1C8B5 /* ReflectionsProjections.xcdatamodel */,
			);
			currentVersion = 956AED0A1EB0050B00D1C8B5 /* ReflectionsProjections.xcdatamodel */;
			path = ReflectionsProjections.xcdatamodeld;
			sourceTree = "<group>";
			versionGroupType = wrapper.xcdatamodel;
		};
/* End XCVersionGroup section */
	};
	rootObject = 950F27851EB004A900E93B0B /* Project object */;
}
